github.com/linkdata/socks5 v0.0.2 h1:bzgcS6x+SzyqCWyvu1nsTpi19GCA92ITmtEQsZjt8Zg=
github.com/linkdata/socks5 v0.0.2/go.mod h1:OOV/ayFnH8foDdcsLbMPTKf6goOcUQwKtao+UbXQJOc=
github.com/linkdata/socks5test v0.0.3 h1:4XEgSjQL+/6bqUMuCn9ATC15xtvqHjtTp1OazXAaw10=
github.com/linkdata/socks5test v0.0.3/go.mod h1:PbI2fG2l9l45MwR8M80mTIyY5iAO+fwy8bTg+BN6UFY=
golang.org/x/net v0.36.0 h1:vWF2fRbw4qslQsQzgFqZff+BItCvGFQqKzKIzx1rmoA=
golang.org/x/net v0.36.0/go.mod h1:bFmbeoIPfrw4sMHNhb4J9f6+tPziuGjq7Jk/38fxi1I=
