github.com/linkdata/socks5 v0.0.4 h1:kiwFtjmpQovcrEcS6AvGtani8rfCm46m1y5YdYhm8VA=
github.com/linkdata/socks5 v0.0.4/go.mod h1:w48ULJOLp4BNe1DKLvy3z+zkarii0YwTkfZXSnYhfFU=
github.com/wzshiming/socks5 v0.5.1 h1:TRekapqSWrE4QYfGiZ4Ok04wQECuAyQsSUdljvbWO5w=
github.com/wzshiming/socks5 v0.5.1/go.mod h1:BvCAqlzocQN5xwLjBZDBbvWlrx8sCYSSbHEOf2wZgT0=
